// !$*UTF8*$!
{
	archiveVersion = 1;
	classes = {
	};
	objectVersion = 46;
	objects = {

/* Begin PBXBuildFile section */
		9E5743321CAEB404004643B4 /* GoalTableViewCell.swift in Sources */ = {isa = PBXBuildFile; fileRef = 9E5743311CAEB404004643B4 /* GoalTableViewCell.swift */; };
		9E5743341CAEB5C2004643B4 /* GoalTableViewController.swift in Sources */ = {isa = PBXBuildFile; fileRef = 9E5743331CAEB5C2004643B4 /* GoalTableViewController.swift */; };
		9E5743361CB194B3004643B4 /* CheckIn.swift in Sources */ = {isa = PBXBuildFile; fileRef = 9E5743351CB194B3004643B4 /* CheckIn.swift */; };
		9E5743381CB19519004643B4 /* Timeframe.swift in Sources */ = {isa = PBXBuildFile; fileRef = 9E5743371CB19519004643B4 /* Timeframe.swift */; };
		9E6A4BB21CD529A500BD6D26 /* HideableLabel.swift in Sources */ = {isa = PBXBuildFile; fileRef = 9E6A4BB11CD529A500BD6D26 /* HideableLabel.swift */; };
		9EA9F4E61CB992EF00FA0F9B /* CheckInViewController.swift in Sources */ = {isa = PBXBuildFile; fileRef = 9EA9F4E51CB992EF00FA0F9B /* CheckInViewController.swift */; };
		9EDA3D761CB9AE4800C71D86 /* goalButton.swift in Sources */ = {isa = PBXBuildFile; fileRef = 9EDA3D751CB9AE4800C71D86 /* goalButton.swift */; };
		9EDE20BB1C9DFA8000B981E9 /* AppDelegate.swift in Sources */ = {isa = PBXBuildFile; fileRef = 9EDE20BA1C9DFA8000B981E9 /* AppDelegate.swift */; };
		9EDE20BD1C9DFA8000B981E9 /* GoalViewController.swift in Sources */ = {isa = PBXBuildFile; fileRef = 9EDE20BC1C9DFA8000B981E9 /* GoalViewController.swift */; };
		9EDE20C01C9DFA8000B981E9 /* Main.storyboard in Resources */ = {isa = PBXBuildFile; fileRef = 9EDE20BE1C9DFA8000B981E9 /* Main.storyboard */; };
		9EDE20C31C9DFA8000B981E9 /* goly.xcdatamodeld in Sources */ = {isa = PBXBuildFile; fileRef = 9EDE20C11C9DFA8000B981E9 /* goly.xcdatamodeld */; };
		9EDE20C81C9DFA8000B981E9 /* LaunchScreen.storyboard in Resources */ = {isa = PBXBuildFile; fileRef = 9EDE20C61C9DFA8000B981E9 /* LaunchScreen.storyboard */; };
		9EDE20D31C9DFA8000B981E9 /* golyTests.swift in Sources */ = {isa = PBXBuildFile; fileRef = 9EDE20D21C9DFA8000B981E9 /* golyTests.swift */; };
		9EDE20DE1C9E03FA00B981E9 /* Goal.swift in Sources */ = {isa = PBXBuildFile; fileRef = 9EDE20DD1C9E03FA00B981E9 /* Goal.swift */; };
		9EDE20DF1C9E03FA00B981E9 /* Goal.swift in Sources */ = {isa = PBXBuildFile; fileRef = 9EDE20DD1C9E03FA00B981E9 /* Goal.swift */; };
		9EDE20E11C9E055700B981E9 /* Frequency.swift in Sources */ = {isa = PBXBuildFile; fileRef = 9EDE20E01C9E055700B981E9 /* Frequency.swift */; };
		9EDE20E31C9F1EC700B981E9 /* Type.swift in Sources */ = {isa = PBXBuildFile; fileRef = 9EDE20E21C9F1EC700B981E9 /* Type.swift */; };
		9EE5F23A1CC2C29D00180499 /* Charts.framework in Frameworks */ = {isa = PBXBuildFile; fileRef = 9EE5F2331CC2C26400180499 /* Charts.framework */; };
		9EE5F23B1CC2C29D00180499 /* Charts.framework in Embed Frameworks */ = {isa = PBXBuildFile; fileRef = 9EE5F2331CC2C26400180499 /* Charts.framework */; settings = {ATTRIBUTES = (CodeSignOnCopy, RemoveHeadersOnCopy, ); }; };
		9EE5F2401CC2CEF600180499 /* HistoryViewController.swift in Sources */ = {isa = PBXBuildFile; fileRef = 9EE5F23F1CC2CEF600180499 /* HistoryViewController.swift */; };
		9EE5F2421CC666AA00180499 /* SampleGoals.swift in Sources */ = {isa = PBXBuildFile; fileRef = 9EE5F2411CC666AA00180499 /* SampleGoals.swift */; };
		9EE5F2441CCBFCC000180499 /* Notifications.swift in Sources */ = {isa = PBXBuildFile; fileRef = 9EE5F2431CCBFCC000180499 /* Notifications.swift */; };
		9EE5F2461CCD40DE00180499 /* Assets.xcassets in Resources */ = {isa = PBXBuildFile; fileRef = 9EE5F2451CCD40DE00180499 /* Assets.xcassets */; };
/* End PBXBuildFile section */

/* Begin PBXContainerItemProxy section */
		9EDE20CF1C9DFA8000B981E9 /* PBXContainerItemProxy */ = {
			isa = PBXContainerItemProxy;
			containerPortal = 9EDE20AF1C9DFA8000B981E9 /* Project object */;
			proxyType = 1;
			remoteGlobalIDString = 9EDE20B61C9DFA8000B981E9;
			remoteInfo = goly;
		};
		9EE5F2321CC2C26400180499 /* PBXContainerItemProxy */ = {
			isa = PBXContainerItemProxy;
			containerPortal = 9EE5F22B1CC2C26400180499 /* Charts.xcodeproj */;
			proxyType = 2;
			remoteGlobalIDString = 5BA8EC401A9D14DC00CE82E1;
			remoteInfo = "Charts-iOS";
		};
		9EE5F2341CC2C26400180499 /* PBXContainerItemProxy */ = {
			isa = PBXContainerItemProxy;
			containerPortal = 9EE5F22B1CC2C26400180499 /* Charts.xcodeproj */;
			proxyType = 2;
			remoteGlobalIDString = A52C5C371BAC5CA400594CDD;
			remoteInfo = "Charts-TV";
		};
		9EE5F2361CC2C26400180499 /* PBXContainerItemProxy */ = {
			isa = PBXContainerItemProxy;
			containerPortal = 9EE5F22B1CC2C26400180499 /* Charts.xcodeproj */;
			proxyType = 2;
			remoteGlobalIDString = 65B3F5BF1C7370BE000983D0;
			remoteInfo = "Charts-OSX";
		};
		9EE5F2381CC2C26400180499 /* PBXContainerItemProxy */ = {
			isa = PBXContainerItemProxy;
			containerPortal = 9EE5F22B1CC2C26400180499 /* Charts.xcodeproj */;
			proxyType = 2;
			remoteGlobalIDString = 06AEE7A21BDC3F8B009875AE;
			remoteInfo = ChartsTests;
		};
		9EE5F23C1CC2C29D00180499 /* PBXContainerItemProxy */ = {
			isa = PBXContainerItemProxy;
			containerPortal = 9EE5F22B1CC2C26400180499 /* Charts.xcodeproj */;
			proxyType = 1;
			remoteGlobalIDString = 5BA8EC3F1A9D14DC00CE82E1;
			remoteInfo = "Charts-iOS";
		};
/* End PBXContainerItemProxy section */

/* Begin PBXCopyFilesBuildPhase section */
		9EE5F23E1CC2C29D00180499 /* Embed Frameworks */ = {
			isa = PBXCopyFilesBuildPhase;
			buildActionMask = 2147483647;
			dstPath = "";
			dstSubfolderSpec = 10;
			files = (
				9EE5F23B1CC2C29D00180499 /* Charts.framework in Embed Frameworks */,
			);
			name = "Embed Frameworks";
			runOnlyForDeploymentPostprocessing = 0;
		};
/* End PBXCopyFilesBuildPhase section */

/* Begin PBXFileReference section */
		9E5743311CAEB404004643B4 /* GoalTableViewCell.swift */ = {isa = PBXFileReference; fileEncoding = 4; lastKnownFileType = sourcecode.swift; path = GoalTableViewCell.swift; sourceTree = "<group>"; };
		9E5743331CAEB5C2004643B4 /* GoalTableViewController.swift */ = {isa = PBXFileReference; fileEncoding = 4; lastKnownFileType = sourcecode.swift; path = GoalTableViewController.swift; sourceTree = "<group>"; };
		9E5743351CB194B3004643B4 /* CheckIn.swift */ = {isa = PBXFileReference; fileEncoding = 4; lastKnownFileType = sourcecode.swift; path = CheckIn.swift; sourceTree = "<group>"; };
		9E5743371CB19519004643B4 /* Timeframe.swift */ = {isa = PBXFileReference; fileEncoding = 4; lastKnownFileType = sourcecode.swift; path = Timeframe.swift; sourceTree = "<group>"; };
		9E5743391CB5439A004643B4 /* pg.playground */ = {isa = PBXFileReference; lastKnownFileType = file.playground; path = pg.playground; sourceTree = "<group>"; };
		9E6A4BB11CD529A500BD6D26 /* HideableLabel.swift */ = {isa = PBXFileReference; fileEncoding = 4; lastKnownFileType = sourcecode.swift; path = HideableLabel.swift; sourceTree = "<group>"; };
		9EA9F4E51CB992EF00FA0F9B /* CheckInViewController.swift */ = {isa = PBXFileReference; fileEncoding = 4; lastKnownFileType = sourcecode.swift; path = CheckInViewController.swift; sourceTree = "<group>"; };
		9EDA3D751CB9AE4800C71D86 /* goalButton.swift */ = {isa = PBXFileReference; fileEncoding = 4; lastKnownFileType = sourcecode.swift; path = goalButton.swift; sourceTree = "<group>"; };
		9EDE20B71C9DFA8000B981E9 /* goly.app */ = {isa = PBXFileReference; explicitFileType = wrapper.application; includeInIndex = 0; path = goly.app; sourceTree = BUILT_PRODUCTS_DIR; };
		9EDE20BA1C9DFA8000B981E9 /* AppDelegate.swift */ = {isa = PBXFileReference; lastKnownFileType = sourcecode.swift; path = AppDelegate.swift; sourceTree = "<group>"; };
		9EDE20BC1C9DFA8000B981E9 /* GoalViewController.swift */ = {isa = PBXFileReference; lastKnownFileType = sourcecode.swift; path = GoalViewController.swift; sourceTree = "<group>"; };
		9EDE20BF1C9DFA8000B981E9 /* Base */ = {isa = PBXFileReference; lastKnownFileType = file.storyboard; name = Base; path = Base.lproj/Main.storyboard; sourceTree = "<group>"; };
		9EDE20C21C9DFA8000B981E9 /* goly.xcdatamodel */ = {isa = PBXFileReference; lastKnownFileType = wrapper.xcdatamodel; path = goly.xcdatamodel; sourceTree = "<group>"; };
		9EDE20C71C9DFA8000B981E9 /* Base */ = {isa = PBXFileReference; lastKnownFileType = file.storyboard; name = Base; path = Base.lproj/LaunchScreen.storyboard; sourceTree = "<group>"; };
		9EDE20C91C9DFA8000B981E9 /* Info.plist */ = {isa = PBXFileReference; lastKnownFileType = text.plist.xml; path = Info.plist; sourceTree = "<group>"; };
		9EDE20CE1C9DFA8000B981E9 /* golyTests.xctest */ = {isa = PBXFileReference; explicitFileType = wrapper.cfbundle; includeInIndex = 0; path = golyTests.xctest; sourceTree = BUILT_PRODUCTS_DIR; };
		9EDE20D21C9DFA8000B981E9 /* golyTests.swift */ = {isa = PBXFileReference; lastKnownFileType = sourcecode.swift; path = golyTests.swift; sourceTree = "<group>"; };
		9EDE20D41C9DFA8000B981E9 /* Info.plist */ = {isa = PBXFileReference; lastKnownFileType = text.plist.xml; path = Info.plist; sourceTree = "<group>"; };
		9EDE20DD1C9E03FA00B981E9 /* Goal.swift */ = {isa = PBXFileReference; fileEncoding = 4; lastKnownFileType = sourcecode.swift; path = Goal.swift; sourceTree = "<group>"; };
		9EDE20E01C9E055700B981E9 /* Frequency.swift */ = {isa = PBXFileReference; fileEncoding = 4; lastKnownFileType = sourcecode.swift; path = Frequency.swift; sourceTree = "<group>"; };
		9EDE20E21C9F1EC700B981E9 /* Type.swift */ = {isa = PBXFileReference; fileEncoding = 4; lastKnownFileType = sourcecode.swift; path = Type.swift; sourceTree = "<group>"; };
		9EE5F22B1CC2C26400180499 /* Charts.xcodeproj */ = {isa = PBXFileReference; lastKnownFileType = "wrapper.pb-project"; name = Charts.xcodeproj; path = "../../Downloads/Charts-master/Charts/Charts.xcodeproj"; sourceTree = "<group>"; };
		9EE5F23F1CC2CEF600180499 /* HistoryViewController.swift */ = {isa = PBXFileReference; fileEncoding = 4; lastKnownFileType = sourcecode.swift; path = HistoryViewController.swift; sourceTree = "<group>"; };
		9EE5F2411CC666AA00180499 /* SampleGoals.swift */ = {isa = PBXFileReference; fileEncoding = 4; lastKnownFileType = sourcecode.swift; path = SampleGoals.swift; sourceTree = "<group>"; };
		9EE5F2431CCBFCC000180499 /* Notifications.swift */ = {isa = PBXFileReference; fileEncoding = 4; lastKnownFileType = sourcecode.swift; path = Notifications.swift; sourceTree = "<group>"; };
		9EE5F2451CCD40DE00180499 /* Assets.xcassets */ = {isa = PBXFileReference; lastKnownFileType = folder.assetcatalog; name = Assets.xcassets; path = ../../../.Trash/Assets.xcassets; sourceTree = "<group>"; };
/* End PBXFileReference section */

/* Begin PBXFrameworksBuildPhase section */
		9EDE20B41C9DFA8000B981E9 /* Frameworks */ = {
			isa = PBXFrameworksBuildPhase;
			buildActionMask = 2147483647;
			files = (
				9EE5F23A1CC2C29D00180499 /* Charts.framework in Frameworks */,
			);
			runOnlyForDeploymentPostprocessing = 0;
		};
		9EDE20CB1C9DFA8000B981E9 /* Frameworks */ = {
			isa = PBXFrameworksBuildPhase;
			buildActionMask = 2147483647;
			files = (
			);
			runOnlyForDeploymentPostprocessing = 0;
		};
/* End PBXFrameworksBuildPhase section */

/* Begin PBXGroup section */
		9EDE20AE1C9DFA8000B981E9 = {
			isa = PBXGroup;
			children = (
				9EE5F22B1CC2C26400180499 /* Charts.xcodeproj */,
				9EDE20B91C9DFA8000B981E9 /* goly */,
				9EDE20D11C9DFA8000B981E9 /* golyTests */,
				9EDE20B81C9DFA8000B981E9 /* Products */,
			);
			sourceTree = "<group>";
		};
		9EDE20B81C9DFA8000B981E9 /* Products */ = {
			isa = PBXGroup;
			children = (
				9EDE20B71C9DFA8000B981E9 /* goly.app */,
				9EDE20CE1C9DFA8000B981E9 /* golyTests.xctest */,
			);
			name = Products;
			sourceTree = "<group>";
		};
		9EDE20B91C9DFA8000B981E9 /* goly */ = {
			isa = PBXGroup;
			children = (
				9EDE20BA1C9DFA8000B981E9 /* AppDelegate.swift */,
				9EE5F2431CCBFCC000180499 /* Notifications.swift */,
				9EDE20BC1C9DFA8000B981E9 /* GoalViewController.swift */,
				9E6A4BB11CD529A500BD6D26 /* HideableLabel.swift */,
				9EDE20DD1C9E03FA00B981E9 /* Goal.swift */,
				9E5743351CB194B3004643B4 /* CheckIn.swift */,
				9E5743371CB19519004643B4 /* Timeframe.swift */,
				9E5743391CB5439A004643B4 /* pg.playground */,
				9EDE20E21C9F1EC700B981E9 /* Type.swift */,
				9EDE20E01C9E055700B981E9 /* Frequency.swift */,
				9EDE20BE1C9DFA8000B981E9 /* Main.storyboard */,
				9EE5F23F1CC2CEF600180499 /* HistoryViewController.swift */,
				9EE5F2411CC666AA00180499 /* SampleGoals.swift */,
				9EA9F4E51CB992EF00FA0F9B /* CheckInViewController.swift */,
				9E5743331CAEB5C2004643B4 /* GoalTableViewController.swift */,
				9EDA3D751CB9AE4800C71D86 /* goalButton.swift */,
				9E5743311CAEB404004643B4 /* GoalTableViewCell.swift */,
				9EDE20C61C9DFA8000B981E9 /* LaunchScreen.storyboard */,
				9EDE20C91C9DFA8000B981E9 /* Info.plist */,
				9EDE20C11C9DFA8000B981E9 /* goly.xcdatamodeld */,
				9EE5F2451CCD40DE00180499 /* Assets.xcassets */,
			);
			path = goly;
			sourceTree = "<group>";
		};
		9EDE20D11C9DFA8000B981E9 /* golyTests */ = {
			isa = PBXGroup;
			children = (
				9EDE20D21C9DFA8000B981E9 /* golyTests.swift */,
				9EDE20D41C9DFA8000B981E9 /* Info.plist */,
			);
			path = golyTests;
			sourceTree = "<group>";
		};
		9EE5F22C1CC2C26400180499 /* Products */ = {
			isa = PBXGroup;
			children = (
				9EE5F2331CC2C26400180499 /* Charts.framework */,
				9EE5F2351CC2C26400180499 /* Charts.framework */,
				9EE5F2371CC2C26400180499 /* Charts.framework */,
				9EE5F2391CC2C26400180499 /* ChartsTests.xctest */,
			);
			name = Products;
			sourceTree = "<group>";
		};
/* End PBXGroup section */

/* Begin PBXNativeTarget section */
		9EDE20B61C9DFA8000B981E9 /* goly */ = {
			isa = PBXNativeTarget;
			buildConfigurationList = 9EDE20D71C9DFA8000B981E9 /* Build configuration list for PBXNativeTarget "goly" */;
			buildPhases = (
				9EDE20B31C9DFA8000B981E9 /* Sources */,
				9EDE20B41C9DFA8000B981E9 /* Frameworks */,
				9EDE20B51C9DFA8000B981E9 /* Resources */,
				9EE5F23E1CC2C29D00180499 /* Embed Frameworks */,
			);
			buildRules = (
			);
			dependencies = (
				9EE5F23D1CC2C29D00180499 /* PBXTargetDependency */,
			);
			name = goly;
			productName = goly;
			productReference = 9EDE20B71C9DFA8000B981E9 /* goly.app */;
			productType = "com.apple.product-type.application";
		};
		9EDE20CD1C9DFA8000B981E9 /* golyTests */ = {
			isa = PBXNativeTarget;
			buildConfigurationList = 9EDE20DA1C9DFA8000B981E9 /* Build configuration list for PBXNativeTarget "golyTests" */;
			buildPhases = (
				9EDE20CA1C9DFA8000B981E9 /* Sources */,
				9EDE20CB1C9DFA8000B981E9 /* Frameworks */,
				9EDE20CC1C9DFA8000B981E9 /* Resources */,
			);
			buildRules = (
			);
			dependencies = (
				9EDE20D01C9DFA8000B981E9 /* PBXTargetDependency */,
			);
			name = golyTests;
			productName = golyTests;
			productReference = 9EDE20CE1C9DFA8000B981E9 /* golyTests.xctest */;
			productType = "com.apple.product-type.bundle.unit-test";
		};
/* End PBXNativeTarget section */

/* Begin PBXProject section */
		9EDE20AF1C9DFA8000B981E9 /* Project object */ = {
			isa = PBXProject;
			attributes = {
				LastSwiftUpdateCheck = 0720;
				LastUpgradeCheck = 0720;
				ORGANIZATIONNAME = "Carson C. Moore, LLC";
				TargetAttributes = {
					9EDE20B61C9DFA8000B981E9 = {
						CreatedOnToolsVersion = 7.2.1;
						DevelopmentTeam = 5P84MK5784;
					};
					9EDE20CD1C9DFA8000B981E9 = {
						CreatedOnToolsVersion = 7.2.1;
						TestTargetID = 9EDE20B61C9DFA8000B981E9;
					};
				};
			};
			buildConfigurationList = 9EDE20B21C9DFA8000B981E9 /* Build configuration list for PBXProject "goly" */;
			compatibilityVersion = "Xcode 3.2";
			developmentRegion = English;
			hasScannedForEncodings = 0;
			knownRegions = (
				en,
				Base,
			);
			mainGroup = 9EDE20AE1C9DFA8000B981E9;
			productRefGroup = 9EDE20B81C9DFA8000B981E9 /* Products */;
			projectDirPath = "";
			projectReferences = (
				{
					ProductGroup = 9EE5F22C1CC2C26400180499 /* Products */;
					ProjectRef = 9EE5F22B1CC2C26400180499 /* Charts.xcodeproj */;
				},
			);
			projectRoot = "";
			targets = (
				9EDE20B61C9DFA8000B981E9 /* goly */,
				9EDE20CD1C9DFA8000B981E9 /* golyTests */,
			);
		};
/* End PBXProject section */

/* Begin PBXReferenceProxy section */
		9EE5F2331CC2C26400180499 /* Charts.framework */ = {
			isa = PBXReferenceProxy;
			fileType = wrapper.framework;
			path = Charts.framework;
			remoteRef = 9EE5F2321CC2C26400180499 /* PBXContainerItemProxy */;
			sourceTree = BUILT_PRODUCTS_DIR;
		};
		9EE5F2351CC2C26400180499 /* Charts.framework */ = {
			isa = PBXReferenceProxy;
			fileType = wrapper.framework;
			path = Charts.framework;
			remoteRef = 9EE5F2341CC2C26400180499 /* PBXContainerItemProxy */;
			sourceTree = BUILT_PRODUCTS_DIR;
		};
		9EE5F2371CC2C26400180499 /* Charts.framework */ = {
			isa = PBXReferenceProxy;
			fileType = wrapper.framework;
			path = Charts.framework;
			remoteRef = 9EE5F2361CC2C26400180499 /* PBXContainerItemProxy */;
			sourceTree = BUILT_PRODUCTS_DIR;
		};
		9EE5F2391CC2C26400180499 /* ChartsTests.xctest */ = {
			isa = PBXReferenceProxy;
			fileType = wrapper.cfbundle;
			path = ChartsTests.xctest;
			remoteRef = 9EE5F2381CC2C26400180499 /* PBXContainerItemProxy */;
			sourceTree = BUILT_PRODUCTS_DIR;
		};
/* End PBXReferenceProxy section */

/* Begin PBXResourcesBuildPhase section */
		9EDE20B51C9DFA8000B981E9 /* Resources */ = {
			isa = PBXResourcesBuildPhase;
			buildActionMask = 2147483647;
			files = (
				9EDE20C81C9DFA8000B981E9 /* LaunchScreen.storyboard in Resources */,
				9EE5F2461CCD40DE00180499 /* Assets.xcassets in Resources */,
				9EDE20C01C9DFA8000B981E9 /* Main.storyboard in Resources */,
			);
			runOnlyForDeploymentPostprocessing = 0;
		};
		9EDE20CC1C9DFA8000B981E9 /* Resources */ = {
			isa = PBXResourcesBuildPhase;
			buildActionMask = 2147483647;
			files = (
			);
			runOnlyForDeploymentPostprocessing = 0;
		};
/* End PBXResourcesBuildPhase section */

/* Begin PBXSourcesBuildPhase section */
		9EDE20B31C9DFA8000B981E9 /* Sources */ = {
			isa = PBXSourcesBuildPhase;
			buildActionMask = 2147483647;
			files = (
				9EE5F2441CCBFCC000180499 /* Notifications.swift in Sources */,
				9EE5F2421CC666AA00180499 /* SampleGoals.swift in Sources */,
				9E5743381CB19519004643B4 /* Timeframe.swift in Sources */,
				9EDE20DE1C9E03FA00B981E9 /* Goal.swift in Sources */,
				9E5743321CAEB404004643B4 /* GoalTableViewCell.swift in Sources */,
				9E5743341CAEB5C2004643B4 /* GoalTableViewController.swift in Sources */,
				9EE5F2401CC2CEF600180499 /* HistoryViewController.swift in Sources */,
				9EDE20E11C9E055700B981E9 /* Frequency.swift in Sources */,
				9E5743361CB194B3004643B4 /* CheckIn.swift in Sources */,
				9EDE20BD1C9DFA8000B981E9 /* GoalViewController.swift in Sources */,
				9EDA3D761CB9AE4800C71D86 /* goalButton.swift in Sources */,
				9EDE20C31C9DFA8000B981E9 /* goly.xcdatamodeld in Sources */,
				9E6A4BB21CD529A500BD6D26 /* HideableLabel.swift in Sources */,
				9EDE20BB1C9DFA8000B981E9 /* AppDelegate.swift in Sources */,
				9EA9F4E61CB992EF00FA0F9B /* CheckInViewController.swift in Sources */,
				9EDE20E31C9F1EC700B981E9 /* Type.swift in Sources */,
			);
			runOnlyForDeploymentPostprocessing = 0;
		};
		9EDE20CA1C9DFA8000B981E9 /* Sources */ = {
			isa = PBXSourcesBuildPhase;
			buildActionMask = 2147483647;
			files = (
				9EDE20DF1C9E03FA00B981E9 /* Goal.swift in Sources */,
				9EDE20D31C9DFA8000B981E9 /* golyTests.swift in Sources */,
			);
			runOnlyForDeploymentPostprocessing = 0;
		};
/* End PBXSourcesBuildPhase section */

/* Begin PBXTargetDependency section */
		9EDE20D01C9DFA8000B981E9 /* PBXTargetDependency */ = {
			isa = PBXTargetDependency;
			target = 9EDE20B61C9DFA8000B981E9 /* goly */;
			targetProxy = 9EDE20CF1C9DFA8000B981E9 /* PBXContainerItemProxy */;
		};
		9EE5F23D1CC2C29D00180499 /* PBXTargetDependency */ = {
			isa = PBXTargetDependency;
			name = "Charts-iOS";
			targetProxy = 9EE5F23C1CC2C29D00180499 /* PBXContainerItemProxy */;
		};
/* End PBXTargetDependency section */

/* Begin PBXVariantGroup section */
		9EDE20BE1C9DFA8000B981E9 /* Main.storyboard */ = {
			isa = PBXVariantGroup;
			children = (
				9EDE20BF1C9DFA8000B981E9 /* Base */,
			);
			name = Main.storyboard;
			sourceTree = "<group>";
		};
		9EDE20C61C9DFA8000B981E9 /* LaunchScreen.storyboard */ = {
			isa = PBXVariantGroup;
			children = (
				9EDE20C71C9DFA8000B981E9 /* Base */,
			);
			name = LaunchScreen.storyboard;
			sourceTree = "<group>";
		};
/* End PBXVariantGroup section */

/* Begin XCBuildConfiguration section */
		9EDE20D51C9DFA8000B981E9 /* Debug */ = {
			isa = XCBuildConfiguration;
			buildSettings = {
				ALWAYS_SEARCH_USER_PATHS = NO;
				CLANG_CXX_LANGUAGE_STANDARD = "gnu++0x";
				CLANG_CXX_LIBRARY = "libc++";
				CLANG_ENABLE_MODULES = YES;
				CLANG_ENABLE_OBJC_ARC = YES;
				CLANG_WARN_BOOL_CONVERSION = YES;
				CLANG_WARN_CONSTANT_CONVERSION = YES;
				CLANG_WARN_DIRECT_OBJC_ISA_USAGE = YES_ERROR;
				CLANG_WARN_EMPTY_BODY = YES;
				CLANG_WARN_ENUM_CONVERSION = YES;
				CLANG_WARN_INT_CONVERSION = YES;
				CLANG_WARN_OBJC_ROOT_CLASS = YES_ERROR;
				CLANG_WARN_UNREACHABLE_CODE = YES;
				CLANG_WARN__DUPLICATE_METHOD_MATCH = YES;
				"CODE_SIGN_IDENTITY[sdk=iphoneos*]" = "iPhone Developer";
				COPY_PHASE_STRIP = NO;
				DEBUG_INFORMATION_FORMAT = dwarf;
				ENABLE_STRICT_OBJC_MSGSEND = YES;
				ENABLE_TESTABILITY = YES;
				GCC_C_LANGUAGE_STANDARD = gnu99;
				GCC_DYNAMIC_NO_PIC = NO;
				GCC_NO_COMMON_BLOCKS = YES;
				GCC_OPTIMIZATION_LEVEL = 0;
				GCC_PREPROCESSOR_DEFINITIONS = (
					"DEBUG=1",
					"$(inherited)",
				);
				GCC_WARN_64_TO_32_BIT_CONVERSION = YES;
				GCC_WARN_ABOUT_RETURN_TYPE = YES_ERROR;
				GCC_WARN_UNDECLARED_SELECTOR = YES;
				GCC_WARN_UNINITIALIZED_AUTOS = YES_AGGRESSIVE;
				GCC_WARN_UNUSED_FUNCTION = YES;
				GCC_WARN_UNUSED_VARIABLE = YES;
				IPHONEOS_DEPLOYMENT_TARGET = 9.2;
				MTL_ENABLE_DEBUG_INFO = YES;
				ONLY_ACTIVE_ARCH = YES;
				SDKROOT = iphoneos;
				SWIFT_OPTIMIZATION_LEVEL = "-Onone";
				TARGETED_DEVICE_FAMILY = "1,2";
			};
			name = Debug;
		};
		9EDE20D61C9DFA8000B981E9 /* Release */ = {
			isa = XCBuildConfiguration;
			buildSettings = {
				ALWAYS_SEARCH_USER_PATHS = NO;
				CLANG_CXX_LANGUAGE_STANDARD = "gnu++0x";
				CLANG_CXX_LIBRARY = "libc++";
				CLANG_ENABLE_MODULES = YES;
				CLANG_ENABLE_OBJC_ARC = YES;
				CLANG_WARN_BOOL_CONVERSION = YES;
				CLANG_WARN_CONSTANT_CONVERSION = YES;
				CLANG_WARN_DIRECT_OBJC_ISA_USAGE = YES_ERROR;
				CLANG_WARN_EMPTY_BODY = YES;
				CLANG_WARN_ENUM_CONVERSION = YES;
				CLANG_WARN_INT_CONVERSION = YES;
				CLANG_WARN_OBJC_ROOT_CLASS = YES_ERROR;
				CLANG_WARN_UNREACHABLE_CODE = YES;
				CLANG_WARN__DUPLICATE_METHOD_MATCH = YES;
				"CODE_SIGN_IDENTITY[sdk=iphoneos*]" = "iPhone Developer";
				COPY_PHASE_STRIP = NO;
				DEBUG_INFORMATION_FORMAT = "dwarf-with-dsym";
				ENABLE_NS_ASSERTIONS = NO;
				ENABLE_STRICT_OBJC_MSGSEND = YES;
				GCC_C_LANGUAGE_STANDARD = gnu99;
				GCC_NO_COMMON_BLOCKS = YES;
				GCC_WARN_64_TO_32_BIT_CONVERSION = YES;
				GCC_WARN_ABOUT_RETURN_TYPE = YES_ERROR;
				GCC_WARN_UNDECLARED_SELECTOR = YES;
				GCC_WARN_UNINITIALIZED_AUTOS = YES_AGGRESSIVE;
				GCC_WARN_UNUSED_FUNCTION = YES;
				GCC_WARN_UNUSED_VARIABLE = YES;
				IPHONEOS_DEPLOYMENT_TARGET = 9.2;
				MTL_ENABLE_DEBUG_INFO = NO;
				SDKROOT = iphoneos;
				TARGETED_DEVICE_FAMILY = "1,2";
				VALIDATE_PRODUCT = YES;
			};
			name = Release;
		};
		9EDE20D81C9DFA8000B981E9 /* Debug */ = {
			isa = XCBuildConfiguration;
			buildSettings = {
				ASSETCATALOG_COMPILER_APPICON_NAME = AppIcon;
				CODE_SIGN_IDENTITY = "iPhone Developer";
				EMBEDDED_CONTENT_CONTAINS_SWIFT = YES;
				INFOPLIST_FILE = goly/Info.plist;
				LD_RUNPATH_SEARCH_PATHS = "$(inherited) @executable_path/Frameworks";
				PRODUCT_BUNDLE_IDENTIFIER = com.carscafmoo.goly;
				PRODUCT_NAME = "$(TARGET_NAME)";
			};
			name = Debug;
		};
		9EDE20D91C9DFA8000B981E9 /* Release */ = {
			isa = XCBuildConfiguration;
			buildSettings = {
				ASSETCATALOG_COMPILER_APPICON_NAME = AppIcon;
				CODE_SIGN_IDENTITY = "iPhone Developer";
				EMBEDDED_CONTENT_CONTAINS_SWIFT = YES;
				INFOPLIST_FILE = goly/Info.plist;
				LD_RUNPATH_SEARCH_PATHS = "$(inherited) @executable_path/Frameworks";
				PRODUCT_BUNDLE_IDENTIFIER = com.carscafmoo.goly;
				PRODUCT_NAME = "$(TARGET_NAME)";
			};
			name = Release;
		};
		9EDE20DB1C9DFA8000B981E9 /* Debug */ = {
			isa = XCBuildConfiguration;
			buildSettings = {
				BUNDLE_LOADER = "$(TEST_HOST)";
				INFOPLIST_FILE = golyTests/Info.plist;
				LD_RUNPATH_SEARCH_PATHS = "$(inherited) @executable_path/Frameworks @loader_path/Frameworks";
				PRODUCT_BUNDLE_IDENTIFIER = com.carscafmoo.golyTests;
				PRODUCT_NAME = "$(TARGET_NAME)";
				TEST_HOST = "$(BUILT_PRODUCTS_DIR)/goly.app/goly";
			};
			name = Debug;
		};
		9EDE20DC1C9DFA8000B981E9 /* Release */ = {
			isa = XCBuildConfiguration;
			buildSettings = {
				BUNDLE_LOADER = "$(TEST_HOST)";
				INFOPLIST_FILE = golyTests/Info.plist;
				LD_RUNPATH_SEARCH_PATHS = "$(inherited) @executable_path/Frameworks @loader_path/Frameworks";
				PRODUCT_BUNDLE_IDENTIFIER = com.carscafmoo.golyTests;
				PRODUCT_NAME = "$(TARGET_NAME)";
				TEST_HOST = "$(BUILT_PRODUCTS_DIR)/goly.app/goly";
			};
			name = Release;
		};
/* End XCBuildConfiguration section */

/* Begin XCConfigurationList section */
		9EDE20B21C9DFA8000B981E9 /* Build configuration list for PBXProject "goly" */ = {
			isa = XCConfigurationList;
			buildConfigurations = (
				9EDE20D51C9DFA8000B981E9 /* Debug */,
				9EDE20D61C9DFA8000B981E9 /* Release */,
			);
			defaultConfigurationIsVisible = 0;
			defaultConfigurationName = Release;
		};
		9EDE20D71C9DFA8000B981E9 /* Build configuration list for PBXNativeTarget "goly" */ = {
			isa = XCConfigurationList;
			buildConfigurations = (
				9EDE20D81C9DFA8000B981E9 /* Debug */,
				9EDE20D91C9DFA8000B981E9 /* Release */,
			);
			defaultConfigurationIsVisible = 0;
			defaultConfigurationName = Release;
		};
		9EDE20DA1C9DFA8000B981E9 /* Build configuration list for PBXNativeTarget "golyTests" */ = {
			isa = XCConfigurationList;
			buildConfigurations = (
				9EDE20DB1C9DFA8000B981E9 /* Debug */,
				9EDE20DC1C9DFA8000B981E9 /* Release */,
			);
			defaultConfigurationIsVisible = 0;
			defaultConfigurationName = Release;
		};
/* End XCConfigurationList section */

/* Begin XCVersionGroup section */
		9EDE20C11C9DFA8000B981E9 /* goly.xcdatamodeld */ = {
			isa = XCVersionGroup;
			children = (
				9EDE20C21C9DFA8000B981E9 /* goly.xcdatamodel */,
			);
			currentVersion = 9EDE20C21C9DFA8000B981E9 /* goly.xcdatamodel */;
			path = goly.xcdatamodeld;
			sourceTree = "<group>";
			versionGroupType = wrapper.xcdatamodel;
		};
/* End XCVersionGroup section */
	};
	rootObject = 9EDE20AF1C9DFA8000B981E9 /* Project object */;
}
